// !$*UTF8*$!
{
	archiveVersion = 1;
	classes = {
	};
	objectVersion = 46;
	objects = {

/* Begin PBXBuildFile section */
		3D03D6B81AEFB35E0001551C /* main.m in Sources */ = {isa = PBXBuildFile; fileRef = 3D03D6B71AEFB35E0001551C /* main.m */; };
		3D03D6BB1AEFB35E0001551C /* AppDelegate.m in Sources */ = {isa = PBXBuildFile; fileRef = 3D03D6BA1AEFB35E0001551C /* AppDelegate.m */; };
		3D03D6BE1AEFB35E0001551C /* ViewController.m in Sources */ = {isa = PBXBuildFile; fileRef = 3D03D6BD1AEFB35E0001551C /* ViewController.m */; };
		3D03D6C11AEFB35E0001551C /* Main.storyboard in Resources */ = {isa = PBXBuildFile; fileRef = 3D03D6BF1AEFB35E0001551C /* Main.storyboard */; };
		3D03D6C31AEFB35E0001551C /* Images.xcassets in Resources */ = {isa = PBXBuildFile; fileRef = 3D03D6C21AEFB35E0001551C /* Images.xcassets */; };
		3D03D6C61AEFB35E0001551C /* LaunchScreen.xib in Resources */ = {isa = PBXBuildFile; fileRef = 3D03D6C41AEFB35E0001551C /* LaunchScreen.xib */; };
		3D03D6E51AEFB8B30001551C /* TestSO.h in Headers */ = {isa = PBXBuildFile; fileRef = 3D03D6E41AEFB8B30001551C /* TestSO.h */; settings = {ATTRIBUTES = (Public, ); }; };
		3D03D70E1AEFC21F0001551C /* TestClass.h in Headers */ = {isa = PBXBuildFile; fileRef = 3D03D70C1AEFC21F0001551C /* TestClass.h */; };
		3D03D70F1AEFC21F0001551C /* TestClass.m in Sources */ = {isa = PBXBuildFile; fileRef = 3D03D70D1AEFC21F0001551C /* TestClass.m */; };
		3D14A6BE1AF3A56F00453420 /* TestVC.h in Headers */ = {isa = PBXBuildFile; fileRef = 3D14A6BB1AF3A56F00453420 /* TestVC.h */; };
		3D14A6BF1AF3A56F00453420 /* TestVC.m in Sources */ = {isa = PBXBuildFile; fileRef = 3D14A6BC1AF3A56F00453420 /* TestVC.m */; };
		3D14A6C01AF3A56F00453420 /* TestVC.xib in Resources */ = {isa = PBXBuildFile; fileRef = 3D14A6BD1AF3A56F00453420 /* TestVC.xib */; };
		3D14A6C21AF3AA6300453420 /* Lib in Resources */ = {isa = PBXBuildFile; fileRef = 3D14A6C11AF3AA6300453420 /* Lib */; };
		3D7C55651AF0672C00F26C54 /* TestObjectFix.h in Headers */ = {isa = PBXBuildFile; fileRef = 3D7C55631AF0672C00F26C54 /* TestObjectFix.h */; };
		3D7C55661AF0672C00F26C54 /* TestObjectFix.m in Sources */ = {isa = PBXBuildFile; fileRef = 3D7C55641AF0672C00F26C54 /* TestObjectFix.m */; };
		3D7C55961AF06CCE00F26C54 /* TestObject.m in Sources */ = {isa = PBXBuildFile; fileRef = 3D7C55951AF06CCE00F26C54 /* TestObject.m */; };
		3DDBEBC91AF474350093901E /* Storyboard.storyboard in Resources */ = {isa = PBXBuildFile; fileRef = 3DDBEBC81AF474350093901E /* Storyboard.storyboard */; };
		72457472E2DFB292865C281E /* libPods.a in Frameworks */ = {isa = PBXBuildFile; fileRef = F0E5BC8138C195D786C07F81 /* libPods.a */; };
/* End PBXBuildFile section */

/* Begin PBXFileReference section */
		1EA2384E7602965B1A17F729 /* Pods.release.xcconfig */ = {isa = PBXFileReference; includeInIndex = 1; lastKnownFileType = text.xcconfig; name = Pods.release.xcconfig; path = "Pods/Target Support Files/Pods/Pods.release.xcconfig"; sourceTree = "<group>"; };
		3D03D6B21AEFB35E0001551C /* JLHotfixFromNet.app */ = {isa = PBXFileReference; explicitFileType = wrapper.application; includeInIndex = 0; path = JLHotfixFromNet.app; sourceTree = BUILT_PRODUCTS_DIR; };
		3D03D6B61AEFB35E0001551C /* Info.plist */ = {isa = PBXFileReference; lastKnownFileType = text.plist.xml; path = Info.plist; sourceTree = "<group>"; };
		3D03D6B71AEFB35E0001551C /* main.m */ = {isa = PBXFileReference; lastKnownFileType = sourcecode.c.objc; path = main.m; sourceTree = "<group>"; };
		3D03D6B91AEFB35E0001551C /* AppDelegate.h */ = {isa = PBXFileReference; lastKnownFileType = sourcecode.c.h; path = AppDelegate.h; sourceTree = "<group>"; };
		3D03D6BA1AEFB35E0001551C /* AppDelegate.m */ = {isa = PBXFileReference; lastKnownFileType = sourcecode.c.objc; path = AppDelegate.m; sourceTree = "<group>"; };
		3D03D6BC1AEFB35E0001551C /* ViewController.h */ = {isa = PBXFileReference; lastKnownFileType = sourcecode.c.h; path = ViewController.h; sourceTree = "<group>"; };
		3D03D6BD1AEFB35E0001551C /* ViewController.m */ = {isa = PBXFileReference; lastKnownFileType = sourcecode.c.objc; path = ViewController.m; sourceTree = "<group>"; };
		3D03D6C01AEFB35E0001551C /* Base */ = {isa = PBXFileReference; lastKnownFileType = file.storyboard; name = Base; path = Base.lproj/Main.storyboard; sourceTree = "<group>"; };
		3D03D6C21AEFB35E0001551C /* Images.xcassets */ = {isa = PBXFileReference; lastKnownFileType = folder.assetcatalog; path = Images.xcassets; sourceTree = "<group>"; };
		3D03D6C51AEFB35E0001551C /* Base */ = {isa = PBXFileReference; lastKnownFileType = file.xib; name = Base; path = Base.lproj/LaunchScreen.xib; sourceTree = "<group>"; };
		3D03D6E01AEFB8B30001551C /* TestSO.framework */ = {isa = PBXFileReference; explicitFileType = wrapper.framework; includeInIndex = 0; path = TestSO.framework; sourceTree = BUILT_PRODUCTS_DIR; };
		3D03D6E31AEFB8B30001551C /* Info.plist */ = {isa = PBXFileReference; lastKnownFileType = text.plist.xml; path = Info.plist; sourceTree = "<group>"; };
		3D03D6E41AEFB8B30001551C /* TestSO.h */ = {isa = PBXFileReference; lastKnownFileType = sourcecode.c.h; path = TestSO.h; sourceTree = "<group>"; };
		3D03D70C1AEFC21F0001551C /* TestClass.h */ = {isa = PBXFileReference; fileEncoding = 4; lastKnownFileType = sourcecode.c.h; path = TestClass.h; sourceTree = "<group>"; };
		3D03D70D1AEFC21F0001551C /* TestClass.m */ = {isa = PBXFileReference; fileEncoding = 4; lastKnownFileType = sourcecode.c.objc; path = TestClass.m; sourceTree = "<group>"; };
		3D14A6BB1AF3A56F00453420 /* TestVC.h */ = {isa = PBXFileReference; fileEncoding = 4; lastKnownFileType = sourcecode.c.h; path = TestVC.h; sourceTree = "<group>"; };
		3D14A6BC1AF3A56F00453420 /* TestVC.m */ = {isa = PBXFileReference; fileEncoding = 4; lastKnownFileType = sourcecode.c.objc; path = TestVC.m; sourceTree = "<group>"; };
		3D14A6BD1AF3A56F00453420 /* TestVC.xib */ = {isa = PBXFileReference; fileEncoding = 4; lastKnownFileType = file.xib; path = TestVC.xib; sourceTree = "<group>"; };
		3D14A6C11AF3AA6300453420 /* Lib */ = {isa = PBXFileReference; lastKnownFileType = folder; path = Lib; sourceTree = "<group>"; };
		3D7C55631AF0672C00F26C54 /* TestObjectFix.h */ = {isa = PBXFileReference; fileEncoding = 4; lastKnownFileType = sourcecode.c.h; path = TestObjectFix.h; sourceTree = "<group>"; };
		3D7C55641AF0672C00F26C54 /* TestObjectFix.m */ = {isa = PBXFileReference; fileEncoding = 4; lastKnownFileType = sourcecode.c.objc; path = TestObjectFix.m; sourceTree = "<group>"; };
		3D7C55941AF06CCE00F26C54 /* TestObject.h */ = {isa = PBXFileReference; fileEncoding = 4; lastKnownFileType = sourcecode.c.h; path = TestObject.h; sourceTree = "<group>"; };
		3D7C55951AF06CCE00F26C54 /* TestObject.m */ = {isa = PBXFileReference; fileEncoding = 4; lastKnownFileType = sourcecode.c.objc; path = TestObject.m; sourceTree = "<group>"; };
		3DDBEBC81AF474350093901E /* Storyboard.storyboard */ = {isa = PBXFileReference; fileEncoding = 4; lastKnownFileType = file.storyboard; path = Storyboard.storyboard; sourceTree = "<group>"; };
		DD358AC9CD04A373595D212D /* Pods.debug.xcconfig */ = {isa = PBXFileReference; includeInIndex = 1; lastKnownFileType = text.xcconfig; name = Pods.debug.xcconfig; path = "Pods/Target Support Files/Pods/Pods.debug.xcconfig"; sourceTree = "<group>"; };
		F0E5BC8138C195D786C07F81 /* libPods.a */ = {isa = PBXFileReference; explicitFileType = archive.ar; includeInIndex = 0; path = libPods.a; sourceTree = BUILT_PRODUCTS_DIR; };
/* End PBXFileReference section */

/* Begin PBXFrameworksBuildPhase section */
		3D03D6AF1AEFB35E0001551C /* Frameworks */ = {
			isa = PBXFrameworksBuildPhase;
			buildActionMask = 2147483647;
			files = (
				72457472E2DFB292865C281E /* libPods.a in Frameworks */,
			);
			runOnlyForDeploymentPostprocessing = 0;
		};
		3D03D6DC1AEFB8B30001551C /* Frameworks */ = {
			isa = PBXFrameworksBuildPhase;
			buildActionMask = 2147483647;
			files = (
			);
			runOnlyForDeploymentPostprocessing = 0;
		};
/* End PBXFrameworksBuildPhase section */

/* Begin PBXGroup section */
		29BACA469E81B3502E75ADFA /* Pods */ = {
			isa = PBXGroup;
			children = (
				DD358AC9CD04A373595D212D /* Pods.debug.xcconfig */,
				1EA2384E7602965B1A17F729 /* Pods.release.xcconfig */,
			);
			name = Pods;
			sourceTree = "<group>";
		};
		3D03D6A91AEFB35E0001551C = {
			isa = PBXGroup;
			children = (
				3D14A6C11AF3AA6300453420 /* Lib */,
				3D03D6B41AEFB35E0001551C /* JLHotfixFromNet */,
				3D03D6E11AEFB8B30001551C /* TestSO */,
				3D03D6B31AEFB35E0001551C /* Products */,
				29BACA469E81B3502E75ADFA /* Pods */,
				C16A5FADC73FA24E368EA226 /* Frameworks */,
			);
			sourceTree = "<group>";
		};
		3D03D6B31AEFB35E0001551C /* Products */ = {
			isa = PBXGroup;
			children = (
				3D03D6B21AEFB35E0001551C /* JLHotfixFromNet.app */,
				3D03D6E01AEFB8B30001551C /* TestSO.framework */,
			);
			name = Products;
			sourceTree = "<group>";
		};
		3D03D6B41AEFB35E0001551C /* JLHotfixFromNet */ = {
			isa = PBXGroup;
			children = (
				3D03D6B91AEFB35E0001551C /* AppDelegate.h */,
				3D03D6BA1AEFB35E0001551C /* AppDelegate.m */,
				3D03D6BC1AEFB35E0001551C /* ViewController.h */,
				3D03D6BD1AEFB35E0001551C /* ViewController.m */,
				3D7C55941AF06CCE00F26C54 /* TestObject.h */,
				3D7C55951AF06CCE00F26C54 /* TestObject.m */,
				3D03D6BF1AEFB35E0001551C /* Main.storyboard */,
				3D03D6C21AEFB35E0001551C /* Images.xcassets */,
				3D03D6C41AEFB35E0001551C /* LaunchScreen.xib */,
				3D03D6B51AEFB35E0001551C /* Supporting Files */,
			);
			path = JLHotfixFromNet;
			sourceTree = "<group>";
		};
		3D03D6B51AEFB35E0001551C /* Supporting Files */ = {
			isa = PBXGroup;
			children = (
				3D03D6B61AEFB35E0001551C /* Info.plist */,
				3D03D6B71AEFB35E0001551C /* main.m */,
			);
			name = "Supporting Files";
			sourceTree = "<group>";
		};
		3D03D6E11AEFB8B30001551C /* TestSO */ = {
			isa = PBXGroup;
			children = (
				3D03D6E41AEFB8B30001551C /* TestSO.h */,
				3D7C55631AF0672C00F26C54 /* TestObjectFix.h */,
				3D7C55641AF0672C00F26C54 /* TestObjectFix.m */,
				3D14A6BB1AF3A56F00453420 /* TestVC.h */,
				3D14A6BC1AF3A56F00453420 /* TestVC.m */,
				3D14A6BD1AF3A56F00453420 /* TestVC.xib */,
				3DDBEBC81AF474350093901E /* Storyboard.storyboard */,
				3D03D70C1AEFC21F0001551C /* TestClass.h */,
				3D03D70D1AEFC21F0001551C /* TestClass.m */,
				3D03D6E21AEFB8B30001551C /* Supporting Files */,
			);
			path = TestSO;
			sourceTree = "<group>";
		};
		3D03D6E21AEFB8B30001551C /* Supporting Files */ = {
			isa = PBXGroup;
			children = (
				3D03D6E31AEFB8B30001551C /* Info.plist */,
			);
			name = "Supporting Files";
			sourceTree = "<group>";
		};
		C16A5FADC73FA24E368EA226 /* Frameworks */ = {
			isa = PBXGroup;
			children = (
				F0E5BC8138C195D786C07F81 /* libPods.a */,
			);
			name = Frameworks;
			sourceTree = "<group>";
		};
/* End PBXGroup section */

/* Begin PBXHeadersBuildPhase section */
		3D03D6DD1AEFB8B30001551C /* Headers */ = {
			isa = PBXHeadersBuildPhase;
			buildActionMask = 2147483647;
			files = (
				3D7C55651AF0672C00F26C54 /* TestObjectFix.h in Headers */,
				3D03D6E51AEFB8B30001551C /* TestSO.h in Headers */,
				3D03D70E1AEFC21F0001551C /* TestClass.h in Headers */,
				3D14A6BE1AF3A56F00453420 /* TestVC.h in Headers */,
			);
			runOnlyForDeploymentPostprocessing = 0;
		};
/* End PBXHeadersBuildPhase section */

/* Begin PBXNativeTarget section */
		3D03D6B11AEFB35E0001551C /* JLHotfixFromNet */ = {
			isa = PBXNativeTarget;
			buildConfigurationList = 3D03D6D51AEFB35E0001551C /* Build configuration list for PBXNativeTarget "JLHotfixFromNet" */;
			buildPhases = (
				79B17D80B30E1874712D35F0 /* Check Pods Manifest.lock */,
				3D03D6AE1AEFB35E0001551C /* Sources */,
				3D03D6AF1AEFB35E0001551C /* Frameworks */,
				3D03D6B01AEFB35E0001551C /* Resources */,
				C97CAC4CCC0915AE78752609 /* Copy Pods Resources */,
			);
			buildRules = (
			);
			dependencies = (
			);
			name = JLHotfixFromNet;
			productName = JLHotfixFromNet;
			productReference = 3D03D6B21AEFB35E0001551C /* JLHotfixFromNet.app */;
			productType = "com.apple.product-type.application";
		};
		3D03D6DF1AEFB8B30001551C /* TestSO */ = {
			isa = PBXNativeTarget;
			buildConfigurationList = 3D03D6FD1AEFB8B30001551C /* Build configuration list for PBXNativeTarget "TestSO" */;
			buildPhases = (
				3D03D6DB1AEFB8B30001551C /* Sources */,
				3D03D6DC1AEFB8B30001551C /* Frameworks */,
				3D03D6DD1AEFB8B30001551C /* Headers */,
				3D03D6DE1AEFB8B30001551C /* Resources */,
			);
			buildRules = (
			);
			dependencies = (
			);
			name = TestSO;
			productName = TestSO;
			productReference = 3D03D6E01AEFB8B30001551C /* TestSO.framework */;
			productType = "com.apple.product-type.framework";
		};
/* End PBXNativeTarget section */

/* Begin PBXProject section */
		3D03D6AA1AEFB35E0001551C /* Project object */ = {
			isa = PBXProject;
			attributes = {
				LastUpgradeCheck = 0630;
				ORGANIZATIONNAME = aimy;
				TargetAttributes = {
					3D03D6B11AEFB35E0001551C = {
						CreatedOnToolsVersion = 6.3.1;
						DevelopmentTeam = H563K59824;
					};
					3D03D6DF1AEFB8B30001551C = {
						CreatedOnToolsVersion = 6.3.1;
						DevelopmentTeam = H563K59824;
					};
				};
			};
			buildConfigurationList = 3D03D6AD1AEFB35E0001551C /* Build configuration list for PBXProject "JLHotfixFromNet" */;
			compatibilityVersion = "Xcode 3.2";
			developmentRegion = English;
			hasScannedForEncodings = 0;
			knownRegions = (
				en,
				Base,
			);
			mainGroup = 3D03D6A91AEFB35E0001551C;
			productRefGroup = 3D03D6B31AEFB35E0001551C /* Products */;
			projectDirPath = "";
			projectRoot = "";
			targets = (
				3D03D6B11AEFB35E0001551C /* JLHotfixFromNet */,
				3D03D6DF1AEFB8B30001551C /* TestSO */,
			);
		};
/* End PBXProject section */

/* Begin PBXResourcesBuildPhase section */
		3D03D6B01AEFB35E0001551C /* Resources */ = {
			isa = PBXResourcesBuildPhase;
			buildActionMask = 2147483647;
			files = (
				3D03D6C11AEFB35E0001551C /* Main.storyboard in Resources */,
				3D03D6C61AEFB35E0001551C /* LaunchScreen.xib in Resources */,
				3D14A6C21AF3AA6300453420 /* Lib in Resources */,
				3D03D6C31AEFB35E0001551C /* Images.xcassets in Resources */,
			);
			runOnlyForDeploymentPostprocessing = 0;
		};
		3D03D6DE1AEFB8B30001551C /* Resources */ = {
			isa = PBXResourcesBuildPhase;
			buildActionMask = 2147483647;
			files = (
				3D14A6C01AF3A56F00453420 /* TestVC.xib in Resources */,
				3DDBEBC91AF474350093901E /* Storyboard.storyboard in Resources */,
			);
			runOnlyForDeploymentPostprocessing = 0;
		};
/* End PBXResourcesBuildPhase section */

/* Begin PBXShellScriptBuildPhase section */
		79B17D80B30E1874712D35F0 /* Check Pods Manifest.lock */ = {
			isa = PBXShellScriptBuildPhase;
			buildActionMask = 2147483647;
			files = (
			);
			inputPaths = (
			);
			name = "Check Pods Manifest.lock";
			outputPaths = (
			);
			runOnlyForDeploymentPostprocessing = 0;
			shellPath = /bin/sh;
			shellScript = "diff \"${PODS_ROOT}/../Podfile.lock\" \"${PODS_ROOT}/Manifest.lock\" > /dev/null\nif [[ $? != 0 ]] ; then\n    cat << EOM\nerror: The sandbox is not in sync with the Podfile.lock. Run 'pod install' or update your CocoaPods installation.\nEOM\n    exit 1\nfi\n";
			showEnvVarsInLog = 0;
		};
		C97CAC4CCC0915AE78752609 /* Copy Pods Resources */ = {
			isa = PBXShellScriptBuildPhase;
			buildActionMask = 2147483647;
			files = (
			);
			inputPaths = (
			);
			name = "Copy Pods Resources";
			outputPaths = (
			);
			runOnlyForDeploymentPostprocessing = 0;
			shellPath = /bin/sh;
			shellScript = "\"${SRCROOT}/Pods/Target Support Files/Pods/Pods-resources.sh\"\n";
			showEnvVarsInLog = 0;
		};
/* End PBXShellScriptBuildPhase section */

/* Begin PBXSourcesBuildPhase section */
		3D03D6AE1AEFB35E0001551C /* Sources */ = {
			isa = PBXSourcesBuildPhase;
			buildActionMask = 2147483647;
			files = (
				3D03D6BE1AEFB35E0001551C /* ViewController.m in Sources */,
				3D03D6BB1AEFB35E0001551C /* AppDelegate.m in Sources */,
				3D7C55961AF06CCE00F26C54 /* TestObject.m in Sources */,
				3D03D6B81AEFB35E0001551C /* main.m in Sources */,
			);
			runOnlyForDeploymentPostprocessing = 0;
		};
		3D03D6DB1AEFB8B30001551C /* Sources */ = {
			isa = PBXSourcesBuildPhase;
			buildActionMask = 2147483647;
			files = (
				3D14A6BF1AF3A56F00453420 /* TestVC.m in Sources */,
				3D7C55661AF0672C00F26C54 /* TestObjectFix.m in Sources */,
				3D03D70F1AEFC21F0001551C /* TestClass.m in Sources */,
			);
			runOnlyForDeploymentPostprocessing = 0;
		};
/* End PBXSourcesBuildPhase section */

/* Begin PBXVariantGroup section */
		3D03D6BF1AEFB35E0001551C /* Main.storyboard */ = {
			isa = PBXVariantGroup;
			children = (
				3D03D6C01AEFB35E0001551C /* Base */,
			);
			name = Main.storyboard;
			sourceTree = "<group>";
		};
		3D03D6C41AEFB35E0001551C /* LaunchScreen.xib */ = {
			isa = PBXVariantGroup;
			children = (
				3D03D6C51AEFB35E0001551C /* Base */,
			);
			name = LaunchScreen.xib;
			sourceTree = "<group>";
		};
/* End PBXVariantGroup section */

/* Begin XCBuildConfiguration section */
		3D03D6D31AEFB35E0001551C /* Debug */ = {
			isa = XCBuildConfiguration;
			buildSettings = {
				ALWAYS_SEARCH_USER_PATHS = NO;
				CLANG_CXX_LANGUAGE_STANDARD = "gnu++0x";
				CLANG_CXX_LIBRARY = "libc++";
				CLANG_ENABLE_MODULES = YES;
				CLANG_ENABLE_OBJC_ARC = YES;
				CLANG_WARN_BOOL_CONVERSION = YES;
				CLANG_WARN_CONSTANT_CONVERSION = YES;
				CLANG_WARN_DIRECT_OBJC_ISA_USAGE = YES_ERROR;
				CLANG_WARN_EMPTY_BODY = YES;
				CLANG_WARN_ENUM_CONVERSION = YES;
				CLANG_WARN_INT_CONVERSION = YES;
				CLANG_WARN_OBJC_ROOT_CLASS = YES_ERROR;
				CLANG_WARN_UNREACHABLE_CODE = YES;
				CLANG_WARN__DUPLICATE_METHOD_MATCH = YES;
				"CODE_SIGN_IDENTITY[sdk=iphoneos*]" = "iPhone Developer";
				COPY_PHASE_STRIP = NO;
				DEBUG_INFORMATION_FORMAT = "dwarf-with-dsym";
				ENABLE_STRICT_OBJC_MSGSEND = YES;
				GCC_C_LANGUAGE_STANDARD = gnu99;
				GCC_DYNAMIC_NO_PIC = NO;
				GCC_NO_COMMON_BLOCKS = YES;
				GCC_OPTIMIZATION_LEVEL = 0;
				GCC_PREPROCESSOR_DEFINITIONS = (
					"DEBUG=1",
					"$(inherited)",
				);
				GCC_SYMBOLS_PRIVATE_EXTERN = NO;
				GCC_WARN_64_TO_32_BIT_CONVERSION = YES;
				GCC_WARN_ABOUT_RETURN_TYPE = YES_ERROR;
				GCC_WARN_UNDECLARED_SELECTOR = YES;
				GCC_WARN_UNINITIALIZED_AUTOS = YES_AGGRESSIVE;
				GCC_WARN_UNUSED_FUNCTION = YES;
				GCC_WARN_UNUSED_VARIABLE = YES;
				IPHONEOS_DEPLOYMENT_TARGET = 8.3;
				MTL_ENABLE_DEBUG_INFO = YES;
				ONLY_ACTIVE_ARCH = YES;
				SDKROOT = iphoneos;
			};
			name = Debug;
		};
		3D03D6D41AEFB35E0001551C /* Release */ = {
			isa = XCBuildConfiguration;
			buildSettings = {
				ALWAYS_SEARCH_USER_PATHS = NO;
				CLANG_CXX_LANGUAGE_STANDARD = "gnu++0x";
				CLANG_CXX_LIBRARY = "libc++";
				CLANG_ENABLE_MODULES = YES;
				CLANG_ENABLE_OBJC_ARC = YES;
				CLANG_WARN_BOOL_CONVERSION = YES;
				CLANG_WARN_CONSTANT_CONVERSION = YES;
				CLANG_WARN_DIRECT_OBJC_ISA_USAGE = YES_ERROR;
				CLANG_WARN_EMPTY_BODY = YES;
				CLANG_WARN_ENUM_CONVERSION = YES;
				CLANG_WARN_INT_CONVERSION = YES;
				CLANG_WARN_OBJC_ROOT_CLASS = YES_ERROR;
				CLANG_WARN_UNREACHABLE_CODE = YES;
				CLANG_WARN__DUPLICATE_METHOD_MATCH = YES;
				"CODE_SIGN_IDENTITY[sdk=iphoneos*]" = "iPhone Developer";
				COPY_PHASE_STRIP = NO;
				DEBUG_INFORMATION_FORMAT = "dwarf-with-dsym";
				ENABLE_NS_ASSERTIONS = NO;
				ENABLE_STRICT_OBJC_MSGSEND = YES;
				GCC_C_LANGUAGE_STANDARD = gnu99;
				GCC_NO_COMMON_BLOCKS = YES;
				GCC_WARN_64_TO_32_BIT_CONVERSION = YES;
				GCC_WARN_ABOUT_RETURN_TYPE = YES_ERROR;
				GCC_WARN_UNDECLARED_SELECTOR = YES;
				GCC_WARN_UNINITIALIZED_AUTOS = YES_AGGRESSIVE;
				GCC_WARN_UNUSED_FUNCTION = YES;
				GCC_WARN_UNUSED_VARIABLE = YES;
				IPHONEOS_DEPLOYMENT_TARGET = 8.3;
				MTL_ENABLE_DEBUG_INFO = NO;
				SDKROOT = iphoneos;
				VALIDATE_PRODUCT = YES;
			};
			name = Release;
		};
		3D03D6D61AEFB35E0001551C /* Debug */ = {
			isa = XCBuildConfiguration;
			baseConfigurationReference = DD358AC9CD04A373595D212D /* Pods.debug.xcconfig */;
			buildSettings = {
				ASSETCATALOG_COMPILER_APPICON_NAME = AppIcon;
				CODE_SIGN_IDENTITY = "iPhone Developer";
				FRAMEWORK_SEARCH_PATHS = (
					"$(inherited)",
					"$(PROJECT_DIR)/Lib",
				);
				INFOPLIST_FILE = JLHotfixFromNet/Info.plist;
				IPHONEOS_DEPLOYMENT_TARGET = 7.0;
				LD_RUNPATH_SEARCH_PATHS = "$(inherited) @executable_path/Frameworks";
				PRODUCT_NAME = "$(TARGET_NAME)";
			};
			name = Debug;
		};
		3D03D6D71AEFB35E0001551C /* Release */ = {
			isa = XCBuildConfiguration;
			baseConfigurationReference = 1EA2384E7602965B1A17F729 /* Pods.release.xcconfig */;
			buildSettings = {
				ASSETCATALOG_COMPILER_APPICON_NAME = AppIcon;
				CODE_SIGN_IDENTITY = "iPhone Distribution: New Height (shanghai) Co., Ltd (H563K59824)";
				FRAMEWORK_SEARCH_PATHS = (
					"$(inherited)",
					"$(PROJECT_DIR)/Lib",
				);
				INFOPLIST_FILE = JLHotfixFromNet/Info.plist;
				IPHONEOS_DEPLOYMENT_TARGET = 7.0;
				LD_RUNPATH_SEARCH_PATHS = "$(inherited) @executable_path/Frameworks";
				PRODUCT_NAME = "$(TARGET_NAME)";
			};
			name = Release;
		};
		3D03D6F91AEFB8B30001551C /* Debug */ = {
			isa = XCBuildConfiguration;
			buildSettings = {
				CODE_SIGN_IDENTITY = "iPhone Developer";
				CURRENT_PROJECT_VERSION = 1;
				DEFINES_MODULE = YES;
				DYLIB_COMPATIBILITY_VERSION = 1;
				DYLIB_CURRENT_VERSION = 1;
				DYLIB_INSTALL_NAME_BASE = "@rpath";
				GCC_PREPROCESSOR_DEFINITIONS = (
					"DEBUG=1",
					"$(inherited)",
				);
				INFOPLIST_FILE = TestSO/Info.plist;
				INSTALL_PATH = "$(LOCAL_LIBRARY_DIR)/Frameworks";
				LD_RUNPATH_SEARCH_PATHS = "$(inherited) @executable_path/Frameworks @loader_path/Frameworks";
				PRODUCT_NAME = "$(TARGET_NAME)";
				SKIP_INSTALL = YES;
				TARGETED_DEVICE_FAMILY = "1,2";
				VERSIONING_SYSTEM = "apple-generic";
				VERSION_INFO_PREFIX = "";
			};
			name = Debug;
		};
		3D03D6FA1AEFB8B30001551C /* Release */ = {
			isa = XCBuildConfiguration;
			buildSettings = {
				CODE_SIGN_IDENTITY = "iPhone Distribution: New Height (shanghai) Co., Ltd (H563K59824)";
				"CODE_SIGN_IDENTITY[sdk=iphoneos*]" = "iPhone Distribution: New Height (shanghai) Co., Ltd (H563K59824)";
				CURRENT_PROJECT_VERSION = 1;
				DEFINES_MODULE = YES;
				DYLIB_COMPATIBILITY_VERSION = 1;
				DYLIB_CURRENT_VERSION = 1;
				DYLIB_INSTALL_NAME_BASE = "@rpath";
				INFOPLIST_FILE = TestSO/Info.plist;
				INSTALL_PATH = "$(LOCAL_LIBRARY_DIR)/Frameworks";
				LD_RUNPATH_SEARCH_PATHS = "$(inherited) @executable_path/Frameworks @loader_path/Frameworks";
				PRODUCT_NAME = "$(TARGET_NAME)";
				SKIP_INSTALL = YES;
				TARGETED_DEVICE_FAMILY = "1,2";
				VERSIONING_SYSTEM = "apple-generic";
				VERSION_INFO_PREFIX = "";
			};
			name = Release;
		};
/* End XCBuildConfiguration section */

/* Begin XCConfigurationList section */
		3D03D6AD1AEFB35E0001551C /* Build configuration list for PBXProject "JLHotfixFromNet" */ = {
			isa = XCConfigurationList;
			buildConfigurations = (
				3D03D6D31AEFB35E0001551C /* Debug */,
				3D03D6D41AEFB35E0001551C /* Release */,
			);
			defaultConfigurationIsVisible = 0;
			defaultConfigurationName = Release;
		};
		3D03D6D51AEFB35E0001551C /* Build configuration list for PBXNativeTarget "JLHotfixFromNet" */ = {
			isa = XCConfigurationList;
			buildConfigurations = (
				3D03D6D61AEFB35E0001551C /* Debug */,
				3D03D6D71AEFB35E0001551C /* Release */,
			);
			defaultConfigurationIsVisible = 0;
			defaultConfigurationName = Release;
		};
		3D03D6FD1AEFB8B30001551C /* Build configuration list for PBXNativeTarget "TestSO" */ = {
			isa = XCConfigurationList;
			buildConfigurations = (
				3D03D6F91AEFB8B30001551C /* Debug */,
				3D03D6FA1AEFB8B30001551C /* Release */,
			);
			defaultConfigurationIsVisible = 0;
			defaultConfigurationName = Release;
		};
/* End XCConfigurationList section */
	};
	rootObject = 3D03D6AA1AEFB35E0001551C /* Project object */;
}
